// !$*UTF8*$!
{
	archiveVersion = 1;
	classes = {
	};
	objectVersion = 50;
	objects = {

/* Begin PBXBuildFile section */
		BD0F449F25CF981100B02214 /* MovimientoBR.swift in Sources */ = {isa = PBXBuildFile; fileRef = BD0F449E25CF981100B02214 /* MovimientoBR.swift */; };
		BD0F44A725CF9FCF00B02214 /* MovimientoBRTests.swift in Sources */ = {isa = PBXBuildFile; fileRef = BD0F44A625CF9FCF00B02214 /* MovimientoBRTests.swift */; };
		BD0F44B825CFA67200B02214 /* MovimientosCoordinatorTests.swift in Sources */ = {isa = PBXBuildFile; fileRef = BD0F44B725CFA67200B02214 /* MovimientosCoordinatorTests.swift */; };
		BD0F44BE25CFB22A00B02214 /* ResumenMovimientosVC.swift in Sources */ = {isa = PBXBuildFile; fileRef = BD0F44BD25CFB22A00B02214 /* ResumenMovimientosVC.swift */; };
		BD0F44C325CFB34800B02214 /* RegistroMovimientoVC.swift in Sources */ = {isa = PBXBuildFile; fileRef = BD0F44C225CFB34800B02214 /* RegistroMovimientoVC.swift */; };
		BD0F44CE25CFB3B500B02214 /* MovimientosNC.swift in Sources */ = {isa = PBXBuildFile; fileRef = BD0F44CD25CFB3B500B02214 /* MovimientosNC.swift */; };
		BD30A6252532CC2000FD1AA5 /* MovimientosTableViewItem.swift in Sources */ = {isa = PBXBuildFile; fileRef = BD30A6232532CC2000FD1AA5 /* MovimientosTableViewItem.swift */; };
		BD30A6262532CC2000FD1AA5 /* MovimientosTableViewItem.xib in Resources */ = {isa = PBXBuildFile; fileRef = BD30A6242532CC2000FD1AA5 /* MovimientosTableViewItem.xib */; };
		BD39509F251723EB00B45D03 /* SentenceSequenceStringValidator.swift in Sources */ = {isa = PBXBuildFile; fileRef = BD39509E251723EB00B45D03 /* SentenceSequenceStringValidator.swift */; };
		BD5B95292545367800B05CE0 /* MovimientosCoordinator.swift in Sources */ = {isa = PBXBuildFile; fileRef = BD5B95282545367800B05CE0 /* MovimientosCoordinator.swift */; };
		BD5B954525453C6200B05CE0 /* MovimientosPR.swift in Sources */ = {isa = PBXBuildFile; fileRef = BD5B954425453C6200B05CE0 /* MovimientosPR.swift */; };
		BD5B954D25453C7A00B05CE0 /* MovimientosPRDelegate.swift in Sources */ = {isa = PBXBuildFile; fileRef = BD5B954C25453C7A00B05CE0 /* MovimientosPRDelegate.swift */; };
		BD884FC92532C36200FA0E18 /* Coordinator.swift in Sources */ = {isa = PBXBuildFile; fileRef = BD884FC82532C36200FA0E18 /* Coordinator.swift */; };
		BD884FCE2532C41700FA0E18 /* Storyboarded.swift in Sources */ = {isa = PBXBuildFile; fileRef = BD884FCD2532C41700FA0E18 /* Storyboarded.swift */; };
		BD884FDE2532CAD800FA0E18 /* Movimientos.storyboard in Resources */ = {isa = PBXBuildFile; fileRef = BD884FDD2532CAD800FA0E18 /* Movimientos.storyboard */; };
		BDF609F02516FFEF005E2297 /* AppDelegate.swift in Sources */ = {isa = PBXBuildFile; fileRef = BDF609EF2516FFEF005E2297 /* AppDelegate.swift */; };
		BDF609F22516FFEF005E2297 /* SceneDelegate.swift in Sources */ = {isa = PBXBuildFile; fileRef = BDF609F12516FFEF005E2297 /* SceneDelegate.swift */; };
		BDF609F72516FFEF005E2297 /* Main.storyboard in Resources */ = {isa = PBXBuildFile; fileRef = BDF609F52516FFEF005E2297 /* Main.storyboard */; };
		BDF609FA2516FFEF005E2297 /* Organizador_Gastos.xcdatamodeld in Sources */ = {isa = PBXBuildFile; fileRef = BDF609F82516FFEF005E2297 /* Organizador_Gastos.xcdatamodeld */; };
		BDF609FC2516FFF0005E2297 /* Assets.xcassets in Resources */ = {isa = PBXBuildFile; fileRef = BDF609FB2516FFF0005E2297 /* Assets.xcassets */; };
		BDF609FF2516FFF0005E2297 /* LaunchScreen.storyboard in Resources */ = {isa = PBXBuildFile; fileRef = BDF609FD2516FFF0005E2297 /* LaunchScreen.storyboard */; };
		BDF60A152516FFF0005E2297 /* Organizador_GastosUITests.swift in Sources */ = {isa = PBXBuildFile; fileRef = BDF60A142516FFF0005E2297 /* Organizador_GastosUITests.swift */; };
		BDF60A9325170415005E2297 /* Constants.swift in Sources */ = {isa = PBXBuildFile; fileRef = BDF60A4A25170415005E2297 /* Constants.swift */; };
		BDF60A9425170415005E2297 /* Utilities.swift in Sources */ = {isa = PBXBuildFile; fileRef = BDF60A4B25170415005E2297 /* Utilities.swift */; };
		BDF60A9525170415005E2297 /* Session.swift in Sources */ = {isa = PBXBuildFile; fileRef = BDF60A4C25170415005E2297 /* Session.swift */; };
		BDF60A9625170415005E2297 /* UserDefaultsExtension.swift in Sources */ = {isa = PBXBuildFile; fileRef = BDF60A4E25170415005E2297 /* UserDefaultsExtension.swift */; };
		BDF60A9725170415005E2297 /* StringValidator.swift in Sources */ = {isa = PBXBuildFile; fileRef = BDF60A5025170415005E2297 /* StringValidator.swift */; };
		BDF60A9825170415005E2297 /* LenghtStringValidator.swift in Sources */ = {isa = PBXBuildFile; fileRef = BDF60A5125170415005E2297 /* LenghtStringValidator.swift */; };
		BDF60A9925170415005E2297 /* EmailStringValidator.swift in Sources */ = {isa = PBXBuildFile; fileRef = BDF60A5225170415005E2297 /* EmailStringValidator.swift */; };
		BDF60A9A25170415005E2297 /* DecimalStringValidator.swift in Sources */ = {isa = PBXBuildFile; fileRef = BDF60A5325170415005E2297 /* DecimalStringValidator.swift */; };
		BDF60A9B25170415005E2297 /* TelephoneStringValidator.swift in Sources */ = {isa = PBXBuildFile; fileRef = BDF60A5425170415005E2297 /* TelephoneStringValidator.swift */; };
		BDF60A9C25170415005E2297 /* LogicalStringValidator.swift in Sources */ = {isa = PBXBuildFile; fileRef = BDF60A5525170415005E2297 /* LogicalStringValidator.swift */; };
		BDF60A9D25170415005E2297 /* NotEmptyStringValidator.swift in Sources */ = {isa = PBXBuildFile; fileRef = BDF60A5625170415005E2297 /* NotEmptyStringValidator.swift */; };
		BDF60A9E25170415005E2297 /* AlphabeticalStringValidator.swift in Sources */ = {isa = PBXBuildFile; fileRef = BDF60A5725170415005E2297 /* AlphabeticalStringValidator.swift */; };
		BDF60A9F25170415005E2297 /* RegexStringValidator.swift in Sources */ = {isa = PBXBuildFile; fileRef = BDF60A5825170415005E2297 /* RegexStringValidator.swift */; };
		BDF60AA025170415005E2297 /* NumericStringValidator.swift in Sources */ = {isa = PBXBuildFile; fileRef = BDF60A5925170415005E2297 /* NumericStringValidator.swift */; };
		BDF60AA125170415005E2297 /* EmptyStringValidator.swift in Sources */ = {isa = PBXBuildFile; fileRef = BDF60A5A25170415005E2297 /* EmptyStringValidator.swift */; };
		BDF60AA225170415005E2297 /* Globals.swift in Sources */ = {isa = PBXBuildFile; fileRef = BDF60A5B25170415005E2297 /* Globals.swift */; };
		BDF60AA325170415005E2297 /* FirebaseLoginType.swift in Sources */ = {isa = PBXBuildFile; fileRef = BDF60A5C25170415005E2297 /* FirebaseLoginType.swift */; };
		BDF60AA425170415005E2297 /* UtilitiesStyles.swift in Sources */ = {isa = PBXBuildFile; fileRef = BDF60A5D25170415005E2297 /* UtilitiesStyles.swift */; };
		BDF60AA525170415005E2297 /* StringFormatter.swift in Sources */ = {isa = PBXBuildFile; fileRef = BDF60A5E25170415005E2297 /* StringFormatter.swift */; };
		BDF60AA625170415005E2297 /* AsyncHttpFetcher.swift in Sources */ = {isa = PBXBuildFile; fileRef = BDF60A6025170415005E2297 /* AsyncHttpFetcher.swift */; };
		BDF60AA725170415005E2297 /* HTTPDataUploader.swift in Sources */ = {isa = PBXBuildFile; fileRef = BDF60A6125170415005E2297 /* HTTPDataUploader.swift */; };
		BDF60AA825170415005E2297 /* ImageFetcher.swift in Sources */ = {isa = PBXBuildFile; fileRef = BDF60A6225170415005E2297 /* ImageFetcher.swift */; };
		BDF60AA925170415005E2297 /* Cache.swift in Sources */ = {isa = PBXBuildFile; fileRef = BDF60A6425170415005E2297 /* Cache.swift */; };
		BDF60AAA25170415005E2297 /* CarrouselDataSource.swift in Sources */ = {isa = PBXBuildFile; fileRef = BDF60A6725170415005E2297 /* CarrouselDataSource.swift */; };
		BDF60AAB25170415005E2297 /* CarrouselImageFetcher.swift in Sources */ = {isa = PBXBuildFile; fileRef = BDF60A6825170415005E2297 /* CarrouselImageFetcher.swift */; };
		BDF60AAC25170415005E2297 /* CarrouselViewController.xib in Resources */ = {isa = PBXBuildFile; fileRef = BDF60A6925170415005E2297 /* CarrouselViewController.xib */; };
		BDF60AAD25170415005E2297 /* CarrouselViewController.swift in Sources */ = {isa = PBXBuildFile; fileRef = BDF60A6A25170415005E2297 /* CarrouselViewController.swift */; };
		BDF60AAE25170415005E2297 /* BaseViewController.swift in Sources */ = {isa = PBXBuildFile; fileRef = BDF60A6B25170415005E2297 /* BaseViewController.swift */; };
		BDF60AAF25170415005E2297 /* LoadingVC.xib in Resources */ = {isa = PBXBuildFile; fileRef = BDF60A6D25170415005E2297 /* LoadingVC.xib */; };
		BDF60AB025170415005E2297 /* LoadingVC.swift in Sources */ = {isa = PBXBuildFile; fileRef = BDF60A6E25170415005E2297 /* LoadingVC.swift */; };
		BDF60AB125170415005E2297 /* AlertBuilder.swift in Sources */ = {isa = PBXBuildFile; fileRef = BDF60A7025170415005E2297 /* AlertBuilder.swift */; };
		BDF60AB225170415005E2297 /* UIScrollView.swift in Sources */ = {isa = PBXBuildFile; fileRef = BDF60A7225170415005E2297 /* UIScrollView.swift */; };
		BDF60AB325170415005E2297 /* UITextFieldExtension.swift in Sources */ = {isa = PBXBuildFile; fileRef = BDF60A7325170415005E2297 /* UITextFieldExtension.swift */; };
		BDF60AB425170415005E2297 /* UIStackViewExtension.swift in Sources */ = {isa = PBXBuildFile; fileRef = BDF60A7425170415005E2297 /* UIStackViewExtension.swift */; };
		BDF60AB525170415005E2297 /* StringExtension.swift in Sources */ = {isa = PBXBuildFile; fileRef = BDF60A7525170415005E2297 /* StringExtension.swift */; };
		BDF60AB625170415005E2297 /* UITapGestureRecognizer.swift in Sources */ = {isa = PBXBuildFile; fileRef = BDF60A7625170415005E2297 /* UITapGestureRecognizer.swift */; };
		BDF60AB725170415005E2297 /* RoundedCornersViewController.swift in Sources */ = {isa = PBXBuildFile; fileRef = BDF60A7725170415005E2297 /* RoundedCornersViewController.swift */; };
		BDF60AB825170415005E2297 /* AttributedLabel.swift in Sources */ = {isa = PBXBuildFile; fileRef = BDF60A7925170415005E2297 /* AttributedLabel.swift */; };
		BDF60AB925170415005E2297 /* TextFieldValidator.swift in Sources */ = {isa = PBXBuildFile; fileRef = BDF60A7B25170415005E2297 /* TextFieldValidator.swift */; };
		BDF60ABA25170415005E2297 /* AdvancedTextField.swift in Sources */ = {isa = PBXBuildFile; fileRef = BDF60A7C25170415005E2297 /* AdvancedTextField.swift */; };
		BDF60ABB25170415005E2297 /* UIToolbarTextField.swift in Sources */ = {isa = PBXBuildFile; fileRef = BDF60A7D25170415005E2297 /* UIToolbarTextField.swift */; };
		BDF60ABC25170415005E2297 /* DesignableTextField.swift in Sources */ = {isa = PBXBuildFile; fileRef = BDF60A7E25170415005E2297 /* DesignableTextField.swift */; };
		BDF60ABD25170415005E2297 /* AdvancedTextFieldView.xib in Resources */ = {isa = PBXBuildFile; fileRef = BDF60A7F25170415005E2297 /* AdvancedTextFieldView.xib */; };
		BDF60ABE25170415005E2297 /* UserData.swift in Sources */ = {isa = PBXBuildFile; fileRef = BDF60A8025170415005E2297 /* UserData.swift */; };
		BDF60ABF25170415005E2297 /* AttributedButton.swift in Sources */ = {isa = PBXBuildFile; fileRef = BDF60A8225170415005E2297 /* AttributedButton.swift */; };
		BDF60AC025170415005E2297 /* AttributedView.swift in Sources */ = {isa = PBXBuildFile; fileRef = BDF60A8425170415005E2297 /* AttributedView.swift */; };
		BDF60AC125170415005E2297 /* CustomSegmentedControl.swift in Sources */ = {isa = PBXBuildFile; fileRef = BDF60A8625170415005E2297 /* CustomSegmentedControl.swift */; };
		BDF60AC225170415005E2297 /* CarrouselCell.xib in Resources */ = {isa = PBXBuildFile; fileRef = BDF60A8825170415005E2297 /* CarrouselCell.xib */; };
		BDF60AC325170415005E2297 /* CarrouselCell.swift in Sources */ = {isa = PBXBuildFile; fileRef = BDF60A8925170415005E2297 /* CarrouselCell.swift */; };
		BDF60AC425170415005E2297 /* NibLoadable.swift in Sources */ = {isa = PBXBuildFile; fileRef = BDF60A8A25170415005E2297 /* NibLoadable.swift */; };
		BDF60AC525170415005E2297 /* GenericApi.swift in Sources */ = {isa = PBXBuildFile; fileRef = BDF60A8C25170415005E2297 /* GenericApi.swift */; };
		BDF60AC625170415005E2297 /* ApiManagerDelegate.swift in Sources */ = {isa = PBXBuildFile; fileRef = BDF60A8D25170415005E2297 /* ApiManagerDelegate.swift */; };
		BDF60AC725170415005E2297 /* ApiService.swift in Sources */ = {isa = PBXBuildFile; fileRef = BDF60A8E25170415005E2297 /* ApiService.swift */; };
		BDF60AC825170415005E2297 /* ApiQueryManager.swift in Sources */ = {isa = PBXBuildFile; fileRef = BDF60A8F25170415005E2297 /* ApiQueryManager.swift */; };
		BDF60AC925170415005E2297 /* URLProvider.swift in Sources */ = {isa = PBXBuildFile; fileRef = BDF60A9025170415005E2297 /* URLProvider.swift */; };
		BDF60ACA25170415005E2297 /* ApiQueryComposer.swift in Sources */ = {isa = PBXBuildFile; fileRef = BDF60A9125170415005E2297 /* ApiQueryComposer.swift */; };
		BDF60ADF25170500005E2297 /* Colors.xcassets in Resources */ = {isa = PBXBuildFile; fileRef = BDF60ADE25170500005E2297 /* Colors.xcassets */; };
		BDF60AE425170716005E2297 /* Images.xcassets in Resources */ = {isa = PBXBuildFile; fileRef = BDF60AE325170716005E2297 /* Images.xcassets */; };
/* End PBXBuildFile section */

/* Begin PBXContainerItemProxy section */
		BDF60A062516FFF0005E2297 /* PBXContainerItemProxy */ = {
			isa = PBXContainerItemProxy;
			containerPortal = BDF609E42516FFEF005E2297 /* Project object */;
			proxyType = 1;
			remoteGlobalIDString = BDF609EB2516FFEF005E2297;
			remoteInfo = "Organizador Gastos";
		};
		BDF60A112516FFF0005E2297 /* PBXContainerItemProxy */ = {
			isa = PBXContainerItemProxy;
			containerPortal = BDF609E42516FFEF005E2297 /* Project object */;
			proxyType = 1;
			remoteGlobalIDString = BDF609EB2516FFEF005E2297;
			remoteInfo = "Organizador Gastos";
		};
/* End PBXContainerItemProxy section */

/* Begin PBXFileReference section */
		BD0F449E25CF981100B02214 /* MovimientoBR.swift */ = {isa = PBXFileReference; lastKnownFileType = sourcecode.swift; path = MovimientoBR.swift; sourceTree = "<group>"; };
		BD0F44A625CF9FCF00B02214 /* MovimientoBRTests.swift */ = {isa = PBXFileReference; lastKnownFileType = sourcecode.swift; path = MovimientoBRTests.swift; sourceTree = "<group>"; };
		BD0F44B725CFA67200B02214 /* MovimientosCoordinatorTests.swift */ = {isa = PBXFileReference; lastKnownFileType = sourcecode.swift; path = MovimientosCoordinatorTests.swift; sourceTree = "<group>"; };
		BD0F44BD25CFB22A00B02214 /* ResumenMovimientosVC.swift */ = {isa = PBXFileReference; lastKnownFileType = sourcecode.swift; path = ResumenMovimientosVC.swift; sourceTree = "<group>"; };
		BD0F44C225CFB34800B02214 /* RegistroMovimientoVC.swift */ = {isa = PBXFileReference; lastKnownFileType = sourcecode.swift; path = RegistroMovimientoVC.swift; sourceTree = "<group>"; };
		BD0F44CD25CFB3B500B02214 /* MovimientosNC.swift */ = {isa = PBXFileReference; fileEncoding = 4; lastKnownFileType = sourcecode.swift; path = MovimientosNC.swift; sourceTree = "<group>"; };
		BD30A6232532CC2000FD1AA5 /* MovimientosTableViewItem.swift */ = {isa = PBXFileReference; lastKnownFileType = sourcecode.swift; path = MovimientosTableViewItem.swift; sourceTree = "<group>"; };
		BD30A6242532CC2000FD1AA5 /* MovimientosTableViewItem.xib */ = {isa = PBXFileReference; lastKnownFileType = file.xib; path = MovimientosTableViewItem.xib; sourceTree = "<group>"; };
		BD39509E251723EB00B45D03 /* SentenceSequenceStringValidator.swift */ = {isa = PBXFileReference; fileEncoding = 4; lastKnownFileType = sourcecode.swift; path = SentenceSequenceStringValidator.swift; sourceTree = "<group>"; };
		BD5B95282545367800B05CE0 /* MovimientosCoordinator.swift */ = {isa = PBXFileReference; lastKnownFileType = sourcecode.swift; path = MovimientosCoordinator.swift; sourceTree = "<group>"; };
		BD5B954425453C6200B05CE0 /* MovimientosPR.swift */ = {isa = PBXFileReference; lastKnownFileType = sourcecode.swift; path = MovimientosPR.swift; sourceTree = "<group>"; };
		BD5B954C25453C7A00B05CE0 /* MovimientosPRDelegate.swift */ = {isa = PBXFileReference; lastKnownFileType = sourcecode.swift; path = MovimientosPRDelegate.swift; sourceTree = "<group>"; };
		BD884FC82532C36200FA0E18 /* Coordinator.swift */ = {isa = PBXFileReference; lastKnownFileType = sourcecode.swift; path = Coordinator.swift; sourceTree = "<group>"; };
		BD884FCD2532C41700FA0E18 /* Storyboarded.swift */ = {isa = PBXFileReference; lastKnownFileType = sourcecode.swift; path = Storyboarded.swift; sourceTree = "<group>"; };
		BD884FDD2532CAD800FA0E18 /* Movimientos.storyboard */ = {isa = PBXFileReference; lastKnownFileType = file.storyboard; path = Movimientos.storyboard; sourceTree = "<group>"; };
		BDF609EC2516FFEF005E2297 /* Organizador Gastos.app */ = {isa = PBXFileReference; explicitFileType = wrapper.application; includeInIndex = 0; path = "Organizador Gastos.app"; sourceTree = BUILT_PRODUCTS_DIR; };
		BDF609EF2516FFEF005E2297 /* AppDelegate.swift */ = {isa = PBXFileReference; lastKnownFileType = sourcecode.swift; path = AppDelegate.swift; sourceTree = "<group>"; };
		BDF609F12516FFEF005E2297 /* SceneDelegate.swift */ = {isa = PBXFileReference; lastKnownFileType = sourcecode.swift; path = SceneDelegate.swift; sourceTree = "<group>"; };
		BDF609F62516FFEF005E2297 /* Base */ = {isa = PBXFileReference; lastKnownFileType = file.storyboard; name = Base; path = Base.lproj/Main.storyboard; sourceTree = "<group>"; };
		BDF609F92516FFEF005E2297 /* Organizador_Gastos.xcdatamodel */ = {isa = PBXFileReference; lastKnownFileType = wrapper.xcdatamodel; path = Organizador_Gastos.xcdatamodel; sourceTree = "<group>"; };
		BDF609FB2516FFF0005E2297 /* Assets.xcassets */ = {isa = PBXFileReference; lastKnownFileType = folder.assetcatalog; path = Assets.xcassets; sourceTree = "<group>"; };
		BDF609FE2516FFF0005E2297 /* Base */ = {isa = PBXFileReference; lastKnownFileType = file.storyboard; name = Base; path = Base.lproj/LaunchScreen.storyboard; sourceTree = "<group>"; };
		BDF60A002516FFF0005E2297 /* Info.plist */ = {isa = PBXFileReference; lastKnownFileType = text.plist.xml; path = Info.plist; sourceTree = "<group>"; };
		BDF60A052516FFF0005E2297 /* Organizador GastosTests.xctest */ = {isa = PBXFileReference; explicitFileType = wrapper.cfbundle; includeInIndex = 0; path = "Organizador GastosTests.xctest"; sourceTree = BUILT_PRODUCTS_DIR; };
		BDF60A0B2516FFF0005E2297 /* Info.plist */ = {isa = PBXFileReference; lastKnownFileType = text.plist.xml; path = Info.plist; sourceTree = "<group>"; };
		BDF60A102516FFF0005E2297 /* Organizador GastosUITests.xctest */ = {isa = PBXFileReference; explicitFileType = wrapper.cfbundle; includeInIndex = 0; path = "Organizador GastosUITests.xctest"; sourceTree = BUILT_PRODUCTS_DIR; };
		BDF60A142516FFF0005E2297 /* Organizador_GastosUITests.swift */ = {isa = PBXFileReference; lastKnownFileType = sourcecode.swift; path = Organizador_GastosUITests.swift; sourceTree = "<group>"; };
		BDF60A162516FFF0005E2297 /* Info.plist */ = {isa = PBXFileReference; lastKnownFileType = text.plist.xml; path = Info.plist; sourceTree = "<group>"; };
		BDF60A4A25170415005E2297 /* Constants.swift */ = {isa = PBXFileReference; fileEncoding = 4; lastKnownFileType = sourcecode.swift; path = Constants.swift; sourceTree = "<group>"; };
		BDF60A4B25170415005E2297 /* Utilities.swift */ = {isa = PBXFileReference; fileEncoding = 4; lastKnownFileType = sourcecode.swift; path = Utilities.swift; sourceTree = "<group>"; };
		BDF60A4C25170415005E2297 /* Session.swift */ = {isa = PBXFileReference; fileEncoding = 4; lastKnownFileType = sourcecode.swift; path = Session.swift; sourceTree = "<group>"; };
		BDF60A4E25170415005E2297 /* UserDefaultsExtension.swift */ = {isa = PBXFileReference; fileEncoding = 4; lastKnownFileType = sourcecode.swift; path = UserDefaultsExtension.swift; sourceTree = "<group>"; };
		BDF60A5025170415005E2297 /* StringValidator.swift */ = {isa = PBXFileReference; fileEncoding = 4; lastKnownFileType = sourcecode.swift; path = StringValidator.swift; sourceTree = "<group>"; };
		BDF60A5125170415005E2297 /* LenghtStringValidator.swift */ = {isa = PBXFileReference; fileEncoding = 4; lastKnownFileType = sourcecode.swift; path = LenghtStringValidator.swift; sourceTree = "<group>"; };
		BDF60A5225170415005E2297 /* EmailStringValidator.swift */ = {isa = PBXFileReference; fileEncoding = 4; lastKnownFileType = sourcecode.swift; path = EmailStringValidator.swift; sourceTree = "<group>"; };
		BDF60A5325170415005E2297 /* DecimalStringValidator.swift */ = {isa = PBXFileReference; fileEncoding = 4; lastKnownFileType = sourcecode.swift; path = DecimalStringValidator.swift; sourceTree = "<group>"; };
		BDF60A5425170415005E2297 /* TelephoneStringValidator.swift */ = {isa = PBXFileReference; fileEncoding = 4; lastKnownFileType = sourcecode.swift; path = TelephoneStringValidator.swift; sourceTree = "<group>"; };
		BDF60A5525170415005E2297 /* LogicalStringValidator.swift */ = {isa = PBXFileReference; fileEncoding = 4; lastKnownFileType = sourcecode.swift; path = LogicalStringValidator.swift; sourceTree = "<group>"; };
		BDF60A5625170415005E2297 /* NotEmptyStringValidator.swift */ = {isa = PBXFileReference; fileEncoding = 4; lastKnownFileType = sourcecode.swift; path = NotEmptyStringValidator.swift; sourceTree = "<group>"; };
		BDF60A5725170415005E2297 /* AlphabeticalStringValidator.swift */ = {isa = PBXFileReference; fileEncoding = 4; lastKnownFileType = sourcecode.swift; path = AlphabeticalStringValidator.swift; sourceTree = "<group>"; };
		BDF60A5825170415005E2297 /* RegexStringValidator.swift */ = {isa = PBXFileReference; fileEncoding = 4; lastKnownFileType = sourcecode.swift; path = RegexStringValidator.swift; sourceTree = "<group>"; };
		BDF60A5925170415005E2297 /* NumericStringValidator.swift */ = {isa = PBXFileReference; fileEncoding = 4; lastKnownFileType = sourcecode.swift; path = NumericStringValidator.swift; sourceTree = "<group>"; };
		BDF60A5A25170415005E2297 /* EmptyStringValidator.swift */ = {isa = PBXFileReference; fileEncoding = 4; lastKnownFileType = sourcecode.swift; path = EmptyStringValidator.swift; sourceTree = "<group>"; };
		BDF60A5B25170415005E2297 /* Globals.swift */ = {isa = PBXFileReference; fileEncoding = 4; lastKnownFileType = sourcecode.swift; path = Globals.swift; sourceTree = "<group>"; };
		BDF60A5C25170415005E2297 /* FirebaseLoginType.swift */ = {isa = PBXFileReference; fileEncoding = 4; lastKnownFileType = sourcecode.swift; path = FirebaseLoginType.swift; sourceTree = "<group>"; };
		BDF60A5D25170415005E2297 /* UtilitiesStyles.swift */ = {isa = PBXFileReference; fileEncoding = 4; lastKnownFileType = sourcecode.swift; path = UtilitiesStyles.swift; sourceTree = "<group>"; };
		BDF60A5E25170415005E2297 /* StringFormatter.swift */ = {isa = PBXFileReference; fileEncoding = 4; lastKnownFileType = sourcecode.swift; path = StringFormatter.swift; sourceTree = "<group>"; };
		BDF60A6025170415005E2297 /* AsyncHttpFetcher.swift */ = {isa = PBXFileReference; fileEncoding = 4; lastKnownFileType = sourcecode.swift; path = AsyncHttpFetcher.swift; sourceTree = "<group>"; };
		BDF60A6125170415005E2297 /* HTTPDataUploader.swift */ = {isa = PBXFileReference; fileEncoding = 4; lastKnownFileType = sourcecode.swift; path = HTTPDataUploader.swift; sourceTree = "<group>"; };
		BDF60A6225170415005E2297 /* ImageFetcher.swift */ = {isa = PBXFileReference; fileEncoding = 4; lastKnownFileType = sourcecode.swift; path = ImageFetcher.swift; sourceTree = "<group>"; };
		BDF60A6425170415005E2297 /* Cache.swift */ = {isa = PBXFileReference; fileEncoding = 4; lastKnownFileType = sourcecode.swift; path = Cache.swift; sourceTree = "<group>"; };
		BDF60A6725170415005E2297 /* CarrouselDataSource.swift */ = {isa = PBXFileReference; fileEncoding = 4; lastKnownFileType = sourcecode.swift; path = CarrouselDataSource.swift; sourceTree = "<group>"; };
		BDF60A6825170415005E2297 /* CarrouselImageFetcher.swift */ = {isa = PBXFileReference; fileEncoding = 4; lastKnownFileType = sourcecode.swift; path = CarrouselImageFetcher.swift; sourceTree = "<group>"; };
		BDF60A6925170415005E2297 /* CarrouselViewController.xib */ = {isa = PBXFileReference; fileEncoding = 4; lastKnownFileType = file.xib; path = CarrouselViewController.xib; sourceTree = "<group>"; };
		BDF60A6A25170415005E2297 /* CarrouselViewController.swift */ = {isa = PBXFileReference; fileEncoding = 4; lastKnownFileType = sourcecode.swift; path = CarrouselViewController.swift; sourceTree = "<group>"; };
		BDF60A6B25170415005E2297 /* BaseViewController.swift */ = {isa = PBXFileReference; fileEncoding = 4; lastKnownFileType = sourcecode.swift; path = BaseViewController.swift; sourceTree = "<group>"; };
		BDF60A6D25170415005E2297 /* LoadingVC.xib */ = {isa = PBXFileReference; fileEncoding = 4; lastKnownFileType = file.xib; path = LoadingVC.xib; sourceTree = "<group>"; };
		BDF60A6E25170415005E2297 /* LoadingVC.swift */ = {isa = PBXFileReference; fileEncoding = 4; lastKnownFileType = sourcecode.swift; path = LoadingVC.swift; sourceTree = "<group>"; };
		BDF60A7025170415005E2297 /* AlertBuilder.swift */ = {isa = PBXFileReference; fileEncoding = 4; lastKnownFileType = sourcecode.swift; path = AlertBuilder.swift; sourceTree = "<group>"; };
		BDF60A7225170415005E2297 /* UIScrollView.swift */ = {isa = PBXFileReference; fileEncoding = 4; lastKnownFileType = sourcecode.swift; path = UIScrollView.swift; sourceTree = "<group>"; };
		BDF60A7325170415005E2297 /* UITextFieldExtension.swift */ = {isa = PBXFileReference; fileEncoding = 4; lastKnownFileType = sourcecode.swift; path = UITextFieldExtension.swift; sourceTree = "<group>"; };
		BDF60A7425170415005E2297 /* UIStackViewExtension.swift */ = {isa = PBXFileReference; fileEncoding = 4; lastKnownFileType = sourcecode.swift; path = UIStackViewExtension.swift; sourceTree = "<group>"; };
		BDF60A7525170415005E2297 /* StringExtension.swift */ = {isa = PBXFileReference; fileEncoding = 4; lastKnownFileType = sourcecode.swift; path = StringExtension.swift; sourceTree = "<group>"; };
		BDF60A7625170415005E2297 /* UITapGestureRecognizer.swift */ = {isa = PBXFileReference; fileEncoding = 4; lastKnownFileType = sourcecode.swift; path = UITapGestureRecognizer.swift; sourceTree = "<group>"; };
		BDF60A7725170415005E2297 /* RoundedCornersViewController.swift */ = {isa = PBXFileReference; fileEncoding = 4; lastKnownFileType = sourcecode.swift; path = RoundedCornersViewController.swift; sourceTree = "<group>"; };
		BDF60A7925170415005E2297 /* AttributedLabel.swift */ = {isa = PBXFileReference; fileEncoding = 4; lastKnownFileType = sourcecode.swift; path = AttributedLabel.swift; sourceTree = "<group>"; };
		BDF60A7B25170415005E2297 /* TextFieldValidator.swift */ = {isa = PBXFileReference; fileEncoding = 4; lastKnownFileType = sourcecode.swift; path = TextFieldValidator.swift; sourceTree = "<group>"; };
		BDF60A7C25170415005E2297 /* AdvancedTextField.swift */ = {isa = PBXFileReference; fileEncoding = 4; lastKnownFileType = sourcecode.swift; path = AdvancedTextField.swift; sourceTree = "<group>"; };
		BDF60A7D25170415005E2297 /* UIToolbarTextField.swift */ = {isa = PBXFileReference; fileEncoding = 4; lastKnownFileType = sourcecode.swift; path = UIToolbarTextField.swift; sourceTree = "<group>"; };
		BDF60A7E25170415005E2297 /* DesignableTextField.swift */ = {isa = PBXFileReference; fileEncoding = 4; lastKnownFileType = sourcecode.swift; path = DesignableTextField.swift; sourceTree = "<group>"; };
		BDF60A7F25170415005E2297 /* AdvancedTextFieldView.xib */ = {isa = PBXFileReference; fileEncoding = 4; lastKnownFileType = file.xib; path = AdvancedTextFieldView.xib; sourceTree = "<group>"; };
		BDF60A8025170415005E2297 /* UserData.swift */ = {isa = PBXFileReference; fileEncoding = 4; lastKnownFileType = sourcecode.swift; path = UserData.swift; sourceTree = "<group>"; };
		BDF60A8225170415005E2297 /* AttributedButton.swift */ = {isa = PBXFileReference; fileEncoding = 4; lastKnownFileType = sourcecode.swift; path = AttributedButton.swift; sourceTree = "<group>"; };
		BDF60A8425170415005E2297 /* AttributedView.swift */ = {isa = PBXFileReference; fileEncoding = 4; lastKnownFileType = sourcecode.swift; path = AttributedView.swift; sourceTree = "<group>"; };
		BDF60A8625170415005E2297 /* CustomSegmentedControl.swift */ = {isa = PBXFileReference; fileEncoding = 4; lastKnownFileType = sourcecode.swift; path = CustomSegmentedControl.swift; sourceTree = "<group>"; };
		BDF60A8825170415005E2297 /* CarrouselCell.xib */ = {isa = PBXFileReference; fileEncoding = 4; lastKnownFileType = file.xib; path = CarrouselCell.xib; sourceTree = "<group>"; };
		BDF60A8925170415005E2297 /* CarrouselCell.swift */ = {isa = PBXFileReference; fileEncoding = 4; lastKnownFileType = sourcecode.swift; path = CarrouselCell.swift; sourceTree = "<group>"; };
		BDF60A8A25170415005E2297 /* NibLoadable.swift */ = {isa = PBXFileReference; fileEncoding = 4; lastKnownFileType = sourcecode.swift; path = NibLoadable.swift; sourceTree = "<group>"; };
		BDF60A8C25170415005E2297 /* GenericApi.swift */ = {isa = PBXFileReference; fileEncoding = 4; lastKnownFileType = sourcecode.swift; path = GenericApi.swift; sourceTree = "<group>"; };
		BDF60A8D25170415005E2297 /* ApiManagerDelegate.swift */ = {isa = PBXFileReference; fileEncoding = 4; lastKnownFileType = sourcecode.swift; path = ApiManagerDelegate.swift; sourceTree = "<group>"; };
		BDF60A8E25170415005E2297 /* ApiService.swift */ = {isa = PBXFileReference; fileEncoding = 4; lastKnownFileType = sourcecode.swift; path = ApiService.swift; sourceTree = "<group>"; };
		BDF60A8F25170415005E2297 /* ApiQueryManager.swift */ = {isa = PBXFileReference; fileEncoding = 4; lastKnownFileType = sourcecode.swift; path = ApiQueryManager.swift; sourceTree = "<group>"; };
		BDF60A9025170415005E2297 /* URLProvider.swift */ = {isa = PBXFileReference; fileEncoding = 4; lastKnownFileType = sourcecode.swift; path = URLProvider.swift; sourceTree = "<group>"; };
		BDF60A9125170415005E2297 /* ApiQueryComposer.swift */ = {isa = PBXFileReference; fileEncoding = 4; lastKnownFileType = sourcecode.swift; path = ApiQueryComposer.swift; sourceTree = "<group>"; };
		BDF60ADE25170500005E2297 /* Colors.xcassets */ = {isa = PBXFileReference; lastKnownFileType = folder.assetcatalog; path = Colors.xcassets; sourceTree = "<group>"; };
		BDF60AE325170716005E2297 /* Images.xcassets */ = {isa = PBXFileReference; lastKnownFileType = folder.assetcatalog; path = Images.xcassets; sourceTree = "<group>"; };
/* End PBXFileReference section */

/* Begin PBXFrameworksBuildPhase section */
		BDF609E92516FFEF005E2297 /* Frameworks */ = {
			isa = PBXFrameworksBuildPhase;
			buildActionMask = 2147483647;
			files = (
			);
			runOnlyForDeploymentPostprocessing = 0;
		};
		BDF60A022516FFF0005E2297 /* Frameworks */ = {
			isa = PBXFrameworksBuildPhase;
			buildActionMask = 2147483647;
			files = (
			);
			runOnlyForDeploymentPostprocessing = 0;
		};
		BDF60A0D2516FFF0005E2297 /* Frameworks */ = {
			isa = PBXFrameworksBuildPhase;
			buildActionMask = 2147483647;
			files = (
			);
			runOnlyForDeploymentPostprocessing = 0;
		};
/* End PBXFrameworksBuildPhase section */

/* Begin PBXGroup section */
		BD0F44BC25CFB21800B02214 /* ResumenMovimientos */ = {
			isa = PBXGroup;
			children = (
				BD0F44BD25CFB22A00B02214 /* ResumenMovimientosVC.swift */,
			);
			path = ResumenMovimientos;
			sourceTree = "<group>";
		};
		BD30A6222532CBFE00FD1AA5 /* MovimientosTableViewItem */ = {
			isa = PBXGroup;
			children = (
				BD30A6232532CC2000FD1AA5 /* MovimientosTableViewItem.swift */,
				BD30A6242532CC2000FD1AA5 /* MovimientosTableViewItem.xib */,
			);
			path = MovimientosTableViewItem;
			sourceTree = "<group>";
		};
		BD5B954325453C5500B05CE0 /* Presenter */ = {
			isa = PBXGroup;
			children = (
				BD5B954425453C6200B05CE0 /* MovimientosPR.swift */,
				BD5B954C25453C7A00B05CE0 /* MovimientosPRDelegate.swift */,
			);
			path = Presenter;
			sourceTree = "<group>";
		};
		BD884FC72532C35100FA0E18 /* Misc */ = {
			isa = PBXGroup;
			children = (
				BD884FC82532C36200FA0E18 /* Coordinator.swift */,
				BD884FCD2532C41700FA0E18 /* Storyboarded.swift */,
			);
			path = Misc;
			sourceTree = "<group>";
		};
		BD884FDA2532CAB500FA0E18 /* Movimientos */ = {
			isa = PBXGroup;
			children = (
				BD5B95282545367800B05CE0 /* MovimientosCoordinator.swift */,
				BD884FDB2532CABF00FA0E18 /* Controller */,
				BD5B954325453C5500B05CE0 /* Presenter */,
				BD884FDC2532CAC500FA0E18 /* View */,
			);
			path = Movimientos;
			sourceTree = "<group>";
		};
		BD884FDB2532CABF00FA0E18 /* Controller */ = {
			isa = PBXGroup;
			children = (
				BD0F44CD25CFB3B500B02214 /* MovimientosNC.swift */,
				BD0F44C225CFB34800B02214 /* RegistroMovimientoVC.swift */,
				BD0F44BC25CFB21800B02214 /* ResumenMovimientos */,
				BD0F449E25CF981100B02214 /* MovimientoBR.swift */,
			);
			path = Controller;
			sourceTree = "<group>";
		};
		BD884FDC2532CAC500FA0E18 /* View */ = {
			isa = PBXGroup;
			children = (
				BD30A6222532CBFE00FD1AA5 /* MovimientosTableViewItem */,
				BD884FDD2532CAD800FA0E18 /* Movimientos.storyboard */,
			);
			path = View;
			sourceTree = "<group>";
		};
		BDF609E32516FFEF005E2297 = {
			isa = PBXGroup;
			children = (
				BDF609EE2516FFEF005E2297 /* Organizador Gastos */,
				BDF60A082516FFF0005E2297 /* Organizador GastosTests */,
				BDF60A132516FFF0005E2297 /* Organizador GastosUITests */,
				BDF609ED2516FFEF005E2297 /* Products */,
			);
			sourceTree = "<group>";
		};
		BDF609ED2516FFEF005E2297 /* Products */ = {
			isa = PBXGroup;
			children = (
				BDF609EC2516FFEF005E2297 /* Organizador Gastos.app */,
				BDF60A052516FFF0005E2297 /* Organizador GastosTests.xctest */,
				BDF60A102516FFF0005E2297 /* Organizador GastosUITests.xctest */,
			);
			name = Products;
			sourceTree = "<group>";
		};
		BDF609EE2516FFEF005E2297 /* Organizador Gastos */ = {
			isa = PBXGroup;
			children = (
				BDF60A4825170415005E2297 /* Core */,
				BD884FC72532C35100FA0E18 /* Misc */,
				BDF60A2D2517003B005E2297 /* Model */,
				BDF60AD5251704AC005E2297 /* Modules */,
				BDF60A2B25170022005E2297 /* Resources */,
				BDF60A3B251701A1005E2297 /* SupportFiles */,
				BDF60A2C2517002D005E2297 /* View */,
			);
			path = "Organizador Gastos";
			sourceTree = "<group>";
		};
		BDF60A082516FFF0005E2297 /* Organizador GastosTests */ = {
			isa = PBXGroup;
			children = (
				BD0F44A625CF9FCF00B02214 /* MovimientoBRTests.swift */,
				BDF60A0B2516FFF0005E2297 /* Info.plist */,
				BD0F44B725CFA67200B02214 /* MovimientosCoordinatorTests.swift */,
			);
			path = "Organizador GastosTests";
			sourceTree = "<group>";
		};
		BDF60A132516FFF0005E2297 /* Organizador GastosUITests */ = {
			isa = PBXGroup;
			children = (
				BDF60A142516FFF0005E2297 /* Organizador_GastosUITests.swift */,
				BDF60A162516FFF0005E2297 /* Info.plist */,
			);
			path = "Organizador GastosUITests";
			sourceTree = "<group>";
		};
		BDF60A2B25170022005E2297 /* Resources */ = {
			isa = PBXGroup;
			children = (
				BDF609FB2516FFF0005E2297 /* Assets.xcassets */,
				BDF60ADE25170500005E2297 /* Colors.xcassets */,
				BDF60AE325170716005E2297 /* Images.xcassets */,
			);
			path = Resources;
			sourceTree = "<group>";
		};
		BDF60A2C2517002D005E2297 /* View */ = {
			isa = PBXGroup;
			children = (
				BDF609F52516FFEF005E2297 /* Main.storyboard */,
				BDF609FD2516FFF0005E2297 /* LaunchScreen.storyboard */,
			);
			path = View;
			sourceTree = "<group>";
		};
		BDF60A2D2517003B005E2297 /* Model */ = {
			isa = PBXGroup;
			children = (
				BDF609F82516FFEF005E2297 /* Organizador_Gastos.xcdatamodeld */,
			);
			path = Model;
			sourceTree = "<group>";
		};
		BDF60A3B251701A1005E2297 /* SupportFiles */ = {
			isa = PBXGroup;
			children = (
				BDF60A002516FFF0005E2297 /* Info.plist */,
				BDF609EF2516FFEF005E2297 /* AppDelegate.swift */,
				BDF609F12516FFEF005E2297 /* SceneDelegate.swift */,
			);
			path = SupportFiles;
			sourceTree = "<group>";
		};
		BDF60A4825170415005E2297 /* Core */ = {
			isa = PBXGroup;
			children = (
				BDF60A8B25170415005E2297 /* Api */,
				BDF60A6525170415005E2297 /* Controller */,
				BDF60A4925170415005E2297 /* Misc */,
				BDF60A5F25170415005E2297 /* Network */,
				BDF60A6325170415005E2297 /* Storage */,
				BDF60A6F25170415005E2297 /* View */,
			);
			path = Core;
			sourceTree = "<group>";
		};
		BDF60A4925170415005E2297 /* Misc */ = {
			isa = PBXGroup;
			children = (
				BDF60A4A25170415005E2297 /* Constants.swift */,
				BDF60A5C25170415005E2297 /* FirebaseLoginType.swift */,
				BDF60A5B25170415005E2297 /* Globals.swift */,
				BDF60A4C25170415005E2297 /* Session.swift */,
				BDF60A5E25170415005E2297 /* StringFormatter.swift */,
				BDF60A4B25170415005E2297 /* Utilities.swift */,
				BDF60A5D25170415005E2297 /* UtilitiesStyles.swift */,
				BDF60A4D25170415005E2297 /* Extension */,
				BDF60A4F25170415005E2297 /* StringValidator */,
			);
			path = Misc;
			sourceTree = "<group>";
		};
		BDF60A4D25170415005E2297 /* Extension */ = {
			isa = PBXGroup;
			children = (
				BDF60A4E25170415005E2297 /* UserDefaultsExtension.swift */,
			);
			path = Extension;
			sourceTree = "<group>";
		};
		BDF60A4F25170415005E2297 /* StringValidator */ = {
			isa = PBXGroup;
			children = (
				BDF60A5025170415005E2297 /* StringValidator.swift */,
				BDF60A5125170415005E2297 /* LenghtStringValidator.swift */,
				BD39509E251723EB00B45D03 /* SentenceSequenceStringValidator.swift */,
				BDF60A5225170415005E2297 /* EmailStringValidator.swift */,
				BDF60A5325170415005E2297 /* DecimalStringValidator.swift */,
				BDF60A5425170415005E2297 /* TelephoneStringValidator.swift */,
				BDF60A5525170415005E2297 /* LogicalStringValidator.swift */,
				BDF60A5625170415005E2297 /* NotEmptyStringValidator.swift */,
				BDF60A5725170415005E2297 /* AlphabeticalStringValidator.swift */,
				BDF60A5825170415005E2297 /* RegexStringValidator.swift */,
				BDF60A5925170415005E2297 /* NumericStringValidator.swift */,
				BDF60A5A25170415005E2297 /* EmptyStringValidator.swift */,
			);
			path = StringValidator;
			sourceTree = "<group>";
		};
		BDF60A5F25170415005E2297 /* Network */ = {
			isa = PBXGroup;
			children = (
				BDF60A6025170415005E2297 /* AsyncHttpFetcher.swift */,
				BDF60A6125170415005E2297 /* HTTPDataUploader.swift */,
				BDF60A6225170415005E2297 /* ImageFetcher.swift */,
			);
			path = Network;
			sourceTree = "<group>";
		};
		BDF60A6325170415005E2297 /* Storage */ = {
			isa = PBXGroup;
			children = (
				BDF60A6425170415005E2297 /* Cache.swift */,
			);
			path = Storage;
			sourceTree = "<group>";
		};
		BDF60A6525170415005E2297 /* Controller */ = {
			isa = PBXGroup;
			children = (
				BDF60A6625170415005E2297 /* Carrousel */,
				BDF60A6B25170415005E2297 /* BaseViewController.swift */,
				BDF60A6C25170415005E2297 /* Loading */,
			);
			path = Controller;
			sourceTree = "<group>";
		};
		BDF60A6625170415005E2297 /* Carrousel */ = {
			isa = PBXGroup;
			children = (
				BDF60A6725170415005E2297 /* CarrouselDataSource.swift */,
				BDF60A6825170415005E2297 /* CarrouselImageFetcher.swift */,
				BDF60A6A25170415005E2297 /* CarrouselViewController.swift */,
				BDF60A6925170415005E2297 /* CarrouselViewController.xib */,
			);
			path = Carrousel;
			sourceTree = "<group>";
		};
		BDF60A6C25170415005E2297 /* Loading */ = {
			isa = PBXGroup;
			children = (
				BDF60A6D25170415005E2297 /* LoadingVC.xib */,
				BDF60A6E25170415005E2297 /* LoadingVC.swift */,
			);
			path = Loading;
			sourceTree = "<group>";
		};
		BDF60A6F25170415005E2297 /* View */ = {
			isa = PBXGroup;
			children = (
				BDF60A7025170415005E2297 /* AlertBuilder.swift */,
				BDF60A8A25170415005E2297 /* NibLoadable.swift */,
				BDF60A7725170415005E2297 /* RoundedCornersViewController.swift */,
				BDF60A8025170415005E2297 /* UserData.swift */,
				BDF60A8125170415005E2297 /* Button */,
				BDF60A8725170415005E2297 /* CarrouselCell */,
				BDF60A8525170415005E2297 /* CustomSegmentControl */,
				BDF60A7125170415005E2297 /* Extension */,
				BDF60A7825170415005E2297 /* Label */,
				BDF60A7A25170415005E2297 /* TextField */,
				BDF60A8325170415005E2297 /* View */,
			);
			path = View;
			sourceTree = "<group>";
		};
		BDF60A7125170415005E2297 /* Extension */ = {
			isa = PBXGroup;
			children = (
				BDF60A7225170415005E2297 /* UIScrollView.swift */,
				BDF60A7325170415005E2297 /* UITextFieldExtension.swift */,
				BDF60A7425170415005E2297 /* UIStackViewExtension.swift */,
				BDF60A7525170415005E2297 /* StringExtension.swift */,
				BDF60A7625170415005E2297 /* UITapGestureRecognizer.swift */,
			);
			path = Extension;
			sourceTree = "<group>";
		};
		BDF60A7825170415005E2297 /* Label */ = {
			isa = PBXGroup;
			children = (
				BDF60A7925170415005E2297 /* AttributedLabel.swift */,
			);
			path = Label;
			sourceTree = "<group>";
		};
		BDF60A7A25170415005E2297 /* TextField */ = {
			isa = PBXGroup;
			children = (
				BDF60A7B25170415005E2297 /* TextFieldValidator.swift */,
				BDF60A7C25170415005E2297 /* AdvancedTextField.swift */,
				BDF60A7D25170415005E2297 /* UIToolbarTextField.swift */,
				BDF60A7E25170415005E2297 /* DesignableTextField.swift */,
				BDF60A7F25170415005E2297 /* AdvancedTextFieldView.xib */,
			);
			path = TextField;
			sourceTree = "<group>";
		};
		BDF60A8125170415005E2297 /* Button */ = {
			isa = PBXGroup;
			children = (
				BDF60A8225170415005E2297 /* AttributedButton.swift */,
			);
			path = Button;
			sourceTree = "<group>";
		};
		BDF60A8325170415005E2297 /* View */ = {
			isa = PBXGroup;
			children = (
				BDF60A8425170415005E2297 /* AttributedView.swift */,
			);
			path = View;
			sourceTree = "<group>";
		};
		BDF60A8525170415005E2297 /* CustomSegmentControl */ = {
			isa = PBXGroup;
			children = (
				BDF60A8625170415005E2297 /* CustomSegmentedControl.swift */,
			);
			path = CustomSegmentControl;
			sourceTree = "<group>";
		};
		BDF60A8725170415005E2297 /* CarrouselCell */ = {
			isa = PBXGroup;
			children = (
				BDF60A8825170415005E2297 /* CarrouselCell.xib */,
				BDF60A8925170415005E2297 /* CarrouselCell.swift */,
			);
			path = CarrouselCell;
			sourceTree = "<group>";
		};
		BDF60A8B25170415005E2297 /* Api */ = {
			isa = PBXGroup;
			children = (
				BDF60A8C25170415005E2297 /* GenericApi.swift */,
				BDF60A8D25170415005E2297 /* ApiManagerDelegate.swift */,
				BDF60A8E25170415005E2297 /* ApiService.swift */,
				BDF60A8F25170415005E2297 /* ApiQueryManager.swift */,
				BDF60A9025170415005E2297 /* URLProvider.swift */,
				BDF60A9125170415005E2297 /* ApiQueryComposer.swift */,
			);
			path = Api;
			sourceTree = "<group>";
		};
		BDF60AD5251704AC005E2297 /* Modules */ = {
			isa = PBXGroup;
			children = (
				BD884FDA2532CAB500FA0E18 /* Movimientos */,
			);
			path = Modules;
			sourceTree = "<group>";
		};
/* End PBXGroup section */

/* Begin PBXNativeTarget section */
		BDF609EB2516FFEF005E2297 /* Organizador Gastos */ = {
			isa = PBXNativeTarget;
			buildConfigurationList = BDF60A192516FFF0005E2297 /* Build configuration list for PBXNativeTarget "Organizador Gastos" */;
			buildPhases = (
				BDF609E82516FFEF005E2297 /* Sources */,
				BDF609E92516FFEF005E2297 /* Frameworks */,
				BDF609EA2516FFEF005E2297 /* Resources */,
			);
			buildRules = (
			);
			dependencies = (
			);
			name = "Organizador Gastos";
			productName = "Organizador Gastos";
			productReference = BDF609EC2516FFEF005E2297 /* Organizador Gastos.app */;
			productType = "com.apple.product-type.application";
		};
		BDF60A042516FFF0005E2297 /* Organizador GastosTests */ = {
			isa = PBXNativeTarget;
			buildConfigurationList = BDF60A1C2516FFF0005E2297 /* Build configuration list for PBXNativeTarget "Organizador GastosTests" */;
			buildPhases = (
				BDF60A012516FFF0005E2297 /* Sources */,
				BDF60A022516FFF0005E2297 /* Frameworks */,
				BDF60A032516FFF0005E2297 /* Resources */,
			);
			buildRules = (
			);
			dependencies = (
				BDF60A072516FFF0005E2297 /* PBXTargetDependency */,
			);
			name = "Organizador GastosTests";
			productName = "Organizador GastosTests";
			productReference = BDF60A052516FFF0005E2297 /* Organizador GastosTests.xctest */;
			productType = "com.apple.product-type.bundle.unit-test";
		};
		BDF60A0F2516FFF0005E2297 /* Organizador GastosUITests */ = {
			isa = PBXNativeTarget;
			buildConfigurationList = BDF60A1F2516FFF0005E2297 /* Build configuration list for PBXNativeTarget "Organizador GastosUITests" */;
			buildPhases = (
				BDF60A0C2516FFF0005E2297 /* Sources */,
				BDF60A0D2516FFF0005E2297 /* Frameworks */,
				BDF60A0E2516FFF0005E2297 /* Resources */,
			);
			buildRules = (
			);
			dependencies = (
				BDF60A122516FFF0005E2297 /* PBXTargetDependency */,
			);
			name = "Organizador GastosUITests";
			productName = "Organizador GastosUITests";
			productReference = BDF60A102516FFF0005E2297 /* Organizador GastosUITests.xctest */;
			productType = "com.apple.product-type.bundle.ui-testing";
		};
/* End PBXNativeTarget section */

/* Begin PBXProject section */
		BDF609E42516FFEF005E2297 /* Project object */ = {
			isa = PBXProject;
			attributes = {
				LastSwiftUpdateCheck = 1200;
				LastUpgradeCheck = 1200;
				TargetAttributes = {
					BDF609EB2516FFEF005E2297 = {
						CreatedOnToolsVersion = 12.0;
					};
					BDF60A042516FFF0005E2297 = {
						CreatedOnToolsVersion = 12.0;
						TestTargetID = BDF609EB2516FFEF005E2297;
					};
					BDF60A0F2516FFF0005E2297 = {
						CreatedOnToolsVersion = 12.0;
						TestTargetID = BDF609EB2516FFEF005E2297;
					};
				};
			};
			buildConfigurationList = BDF609E72516FFEF005E2297 /* Build configuration list for PBXProject "Organizador Gastos" */;
			compatibilityVersion = "Xcode 9.3";
			developmentRegion = es_MX;
			hasScannedForEncodings = 0;
			knownRegions = (
				es_MX,
				Base,
			);
			mainGroup = BDF609E32516FFEF005E2297;
			productRefGroup = BDF609ED2516FFEF005E2297 /* Products */;
			projectDirPath = "";
			projectRoot = "";
			targets = (
				BDF609EB2516FFEF005E2297 /* Organizador Gastos */,
				BDF60A042516FFF0005E2297 /* Organizador GastosTests */,
				BDF60A0F2516FFF0005E2297 /* Organizador GastosUITests */,
			);
		};
/* End PBXProject section */

/* Begin PBXResourcesBuildPhase section */
		BDF609EA2516FFEF005E2297 /* Resources */ = {
			isa = PBXResourcesBuildPhase;
			buildActionMask = 2147483647;
			files = (
				BDF60ADF25170500005E2297 /* Colors.xcassets in Resources */,
				BD30A6262532CC2000FD1AA5 /* MovimientosTableViewItem.xib in Resources */,
				BDF60AE425170716005E2297 /* Images.xcassets in Resources */,
				BDF60ABD25170415005E2297 /* AdvancedTextFieldView.xib in Resources */,
				BDF60AAF25170415005E2297 /* LoadingVC.xib in Resources */,
				BD884FDE2532CAD800FA0E18 /* Movimientos.storyboard in Resources */,
				BDF609FF2516FFF0005E2297 /* LaunchScreen.storyboard in Resources */,
				BDF609FC2516FFF0005E2297 /* Assets.xcassets in Resources */,
				BDF609F72516FFEF005E2297 /* Main.storyboard in Resources */,
				BDF60AAC25170415005E2297 /* CarrouselViewController.xib in Resources */,
				BDF60AC225170415005E2297 /* CarrouselCell.xib in Resources */,
			);
			runOnlyForDeploymentPostprocessing = 0;
		};
		BDF60A032516FFF0005E2297 /* Resources */ = {
			isa = PBXResourcesBuildPhase;
			buildActionMask = 2147483647;
			files = (
			);
			runOnlyForDeploymentPostprocessing = 0;
		};
		BDF60A0E2516FFF0005E2297 /* Resources */ = {
			isa = PBXResourcesBuildPhase;
			buildActionMask = 2147483647;
			files = (
			);
			runOnlyForDeploymentPostprocessing = 0;
		};
/* End PBXResourcesBuildPhase section */

/* Begin PBXSourcesBuildPhase section */
		BDF609E82516FFEF005E2297 /* Sources */ = {
			isa = PBXSourcesBuildPhase;
			buildActionMask = 2147483647;
			files = (
				BDF60AA025170415005E2297 /* NumericStringValidator.swift in Sources */,
				BDF60ABF25170415005E2297 /* AttributedButton.swift in Sources */,
				BDF60AAA25170415005E2297 /* CarrouselDataSource.swift in Sources */,
				BDF609F02516FFEF005E2297 /* AppDelegate.swift in Sources */,
				BDF60ABB25170415005E2297 /* UIToolbarTextField.swift in Sources */,
				BDF60AB025170415005E2297 /* LoadingVC.swift in Sources */,
				BDF609F22516FFEF005E2297 /* SceneDelegate.swift in Sources */,
				BD39509F251723EB00B45D03 /* SentenceSequenceStringValidator.swift in Sources */,
				BDF60AB325170415005E2297 /* UITextFieldExtension.swift in Sources */,
				BDF60AA125170415005E2297 /* EmptyStringValidator.swift in Sources */,
				BDF60AAE25170415005E2297 /* BaseViewController.swift in Sources */,
				BDF60AA825170415005E2297 /* ImageFetcher.swift in Sources */,
				BDF60A9525170415005E2297 /* Session.swift in Sources */,
				BDF60AB925170415005E2297 /* TextFieldValidator.swift in Sources */,
				BDF60AB225170415005E2297 /* UIScrollView.swift in Sources */,
				BDF60AC325170415005E2297 /* CarrouselCell.swift in Sources */,
				BDF60AB425170415005E2297 /* UIStackViewExtension.swift in Sources */,
				BD884FC92532C36200FA0E18 /* Coordinator.swift in Sources */,
				BDF60AA925170415005E2297 /* Cache.swift in Sources */,
				BD5B954525453C6200B05CE0 /* MovimientosPR.swift in Sources */,
				BDF60A9C25170415005E2297 /* LogicalStringValidator.swift in Sources */,
				BD5B954D25453C7A00B05CE0 /* MovimientosPRDelegate.swift in Sources */,
				BDF60AA225170415005E2297 /* Globals.swift in Sources */,
				BDF60AB125170415005E2297 /* AlertBuilder.swift in Sources */,
				BDF60AB625170415005E2297 /* UITapGestureRecognizer.swift in Sources */,
				BD30A6252532CC2000FD1AA5 /* MovimientosTableViewItem.swift in Sources */,
				BDF609FA2516FFEF005E2297 /* Organizador_Gastos.xcdatamodeld in Sources */,
				BDF60AA425170415005E2297 /* UtilitiesStyles.swift in Sources */,
				BDF60AA625170415005E2297 /* AsyncHttpFetcher.swift in Sources */,
				BD5B95292545367800B05CE0 /* MovimientosCoordinator.swift in Sources */,
				BDF60ABC25170415005E2297 /* DesignableTextField.swift in Sources */,
				BDF60AB825170415005E2297 /* AttributedLabel.swift in Sources */,
				BDF60AA525170415005E2297 /* StringFormatter.swift in Sources */,
				BDF60ABA25170415005E2297 /* AdvancedTextField.swift in Sources */,
				BDF60A9425170415005E2297 /* Utilities.swift in Sources */,
				BDF60AC825170415005E2297 /* ApiQueryManager.swift in Sources */,
				BDF60A9A25170415005E2297 /* DecimalStringValidator.swift in Sources */,
				BDF60AC425170415005E2297 /* NibLoadable.swift in Sources */,
				BDF60A9D25170415005E2297 /* NotEmptyStringValidator.swift in Sources */,
				BDF60A9B25170415005E2297 /* TelephoneStringValidator.swift in Sources */,
				BDF60AA725170415005E2297 /* HTTPDataUploader.swift in Sources */,
				BDF60AC125170415005E2297 /* CustomSegmentedControl.swift in Sources */,
				BDF60A9725170415005E2297 /* StringValidator.swift in Sources */,
				BDF60A9925170415005E2297 /* EmailStringValidator.swift in Sources */,
				BDF60AA325170415005E2297 /* FirebaseLoginType.swift in Sources */,
				BDF60AAD25170415005E2297 /* CarrouselViewController.swift in Sources */,
				BD0F44BE25CFB22A00B02214 /* ResumenMovimientosVC.swift in Sources */,
				BDF60ACA25170415005E2297 /* ApiQueryComposer.swift in Sources */,
				BD0F44C325CFB34800B02214 /* RegistroMovimientoVC.swift in Sources */,
				BDF60AC025170415005E2297 /* AttributedView.swift in Sources */,
				BDF60AC525170415005E2297 /* GenericApi.swift in Sources */,
				BDF60AAB25170415005E2297 /* CarrouselImageFetcher.swift in Sources */,
				BD884FCE2532C41700FA0E18 /* Storyboarded.swift in Sources */,
				BDF60A9625170415005E2297 /* UserDefaultsExtension.swift in Sources */,
				BDF60A9825170415005E2297 /* LenghtStringValidator.swift in Sources */,
				BD0F44CE25CFB3B500B02214 /* MovimientosNC.swift in Sources */,
				BDF60ABE25170415005E2297 /* UserData.swift in Sources */,
				BDF60AB525170415005E2297 /* StringExtension.swift in Sources */,
				BDF60AC725170415005E2297 /* ApiService.swift in Sources */,
				BDF60A9F25170415005E2297 /* RegexStringValidator.swift in Sources */,
				BDF60A9E25170415005E2297 /* AlphabeticalStringValidator.swift in Sources */,
				BDF60AC925170415005E2297 /* URLProvider.swift in Sources */,
				BDF60A9325170415005E2297 /* Constants.swift in Sources */,
				BDF60AC625170415005E2297 /* ApiManagerDelegate.swift in Sources */,
				BDF60AB725170415005E2297 /* RoundedCornersViewController.swift in Sources */,
				BD0F449F25CF981100B02214 /* MovimientoBR.swift in Sources */,
			);
			runOnlyForDeploymentPostprocessing = 0;
		};
		BDF60A012516FFF0005E2297 /* Sources */ = {
			isa = PBXSourcesBuildPhase;
			buildActionMask = 2147483647;
			files = (
				BD0F44A725CF9FCF00B02214 /* MovimientoBRTests.swift in Sources */,
				BD0F44B825CFA67200B02214 /* MovimientosCoordinatorTests.swift in Sources */,
			);
			runOnlyForDeploymentPostprocessing = 0;
		};
		BDF60A0C2516FFF0005E2297 /* Sources */ = {
			isa = PBXSourcesBuildPhase;
			buildActionMask = 2147483647;
			files = (
				BDF60A152516FFF0005E2297 /* Organizador_GastosUITests.swift in Sources */,
			);
			runOnlyForDeploymentPostprocessing = 0;
		};
/* End PBXSourcesBuildPhase section */

/* Begin PBXTargetDependency section */
		BDF60A072516FFF0005E2297 /* PBXTargetDependency */ = {
			isa = PBXTargetDependency;
			target = BDF609EB2516FFEF005E2297 /* Organizador Gastos */;
			targetProxy = BDF60A062516FFF0005E2297 /* PBXContainerItemProxy */;
		};
		BDF60A122516FFF0005E2297 /* PBXTargetDependency */ = {
			isa = PBXTargetDependency;
			target = BDF609EB2516FFEF005E2297 /* Organizador Gastos */;
			targetProxy = BDF60A112516FFF0005E2297 /* PBXContainerItemProxy */;
		};
/* End PBXTargetDependency section */

/* Begin PBXVariantGroup section */
		BDF609F52516FFEF005E2297 /* Main.storyboard */ = {
			isa = PBXVariantGroup;
			children = (
				BDF609F62516FFEF005E2297 /* Base */,
			);
			name = Main.storyboard;
			sourceTree = "<group>";
		};
		BDF609FD2516FFF0005E2297 /* LaunchScreen.storyboard */ = {
			isa = PBXVariantGroup;
			children = (
				BDF609FE2516FFF0005E2297 /* Base */,
			);
			name = LaunchScreen.storyboard;
			sourceTree = "<group>";
		};
/* End PBXVariantGroup section */

/* Begin XCBuildConfiguration section */
		BDF60A172516FFF0005E2297 /* Debug */ = {
			isa = XCBuildConfiguration;
			buildSettings = {
				ALWAYS_SEARCH_USER_PATHS = NO;
				CLANG_ANALYZER_NONNULL = YES;
				CLANG_ANALYZER_NUMBER_OBJECT_CONVERSION = YES_AGGRESSIVE;
				CLANG_CXX_LANGUAGE_STANDARD = "gnu++14";
				CLANG_CXX_LIBRARY = "libc++";
				CLANG_ENABLE_MODULES = YES;
				CLANG_ENABLE_OBJC_ARC = YES;
				CLANG_ENABLE_OBJC_WEAK = YES;
				CLANG_WARN_BLOCK_CAPTURE_AUTORELEASING = YES;
				CLANG_WARN_BOOL_CONVERSION = YES;
				CLANG_WARN_COMMA = YES;
				CLANG_WARN_CONSTANT_CONVERSION = YES;
				CLANG_WARN_DEPRECATED_OBJC_IMPLEMENTATIONS = YES;
				CLANG_WARN_DIRECT_OBJC_ISA_USAGE = YES_ERROR;
				CLANG_WARN_DOCUMENTATION_COMMENTS = YES;
				CLANG_WARN_EMPTY_BODY = YES;
				CLANG_WARN_ENUM_CONVERSION = YES;
				CLANG_WARN_INFINITE_RECURSION = YES;
				CLANG_WARN_INT_CONVERSION = YES;
				CLANG_WARN_NON_LITERAL_NULL_CONVERSION = YES;
				CLANG_WARN_OBJC_IMPLICIT_RETAIN_SELF = YES;
				CLANG_WARN_OBJC_LITERAL_CONVERSION = YES;
				CLANG_WARN_OBJC_ROOT_CLASS = YES_ERROR;
				CLANG_WARN_QUOTED_INCLUDE_IN_FRAMEWORK_HEADER = YES;
				CLANG_WARN_RANGE_LOOP_ANALYSIS = YES;
				CLANG_WARN_STRICT_PROTOTYPES = YES;
				CLANG_WARN_SUSPICIOUS_MOVE = YES;
				CLANG_WARN_UNGUARDED_AVAILABILITY = YES_AGGRESSIVE;
				CLANG_WARN_UNREACHABLE_CODE = YES;
				CLANG_WARN__DUPLICATE_METHOD_MATCH = YES;
				COPY_PHASE_STRIP = NO;
				DEBUG_INFORMATION_FORMAT = dwarf;
				ENABLE_STRICT_OBJC_MSGSEND = YES;
				ENABLE_TESTABILITY = YES;
				GCC_C_LANGUAGE_STANDARD = gnu11;
				GCC_DYNAMIC_NO_PIC = NO;
				GCC_NO_COMMON_BLOCKS = YES;
				GCC_OPTIMIZATION_LEVEL = 0;
				GCC_PREPROCESSOR_DEFINITIONS = (
					"DEBUG=1",
					"$(inherited)",
				);
				GCC_WARN_64_TO_32_BIT_CONVERSION = YES;
				GCC_WARN_ABOUT_RETURN_TYPE = YES_ERROR;
				GCC_WARN_UNDECLARED_SELECTOR = YES;
				GCC_WARN_UNINITIALIZED_AUTOS = YES_AGGRESSIVE;
				GCC_WARN_UNUSED_FUNCTION = YES;
				GCC_WARN_UNUSED_VARIABLE = YES;
				IPHONEOS_DEPLOYMENT_TARGET = 14.0;
				MTL_ENABLE_DEBUG_INFO = INCLUDE_SOURCE;
				MTL_FAST_MATH = YES;
				ONLY_ACTIVE_ARCH = YES;
				SDKROOT = iphoneos;
				SWIFT_ACTIVE_COMPILATION_CONDITIONS = DEBUG;
				SWIFT_OPTIMIZATION_LEVEL = "-Onone";
			};
			name = Debug;
		};
		BDF60A182516FFF0005E2297 /* Release */ = {
			isa = XCBuildConfiguration;
			buildSettings = {
				ALWAYS_SEARCH_USER_PATHS = NO;
				CLANG_ANALYZER_NONNULL = YES;
				CLANG_ANALYZER_NUMBER_OBJECT_CONVERSION = YES_AGGRESSIVE;
				CLANG_CXX_LANGUAGE_STANDARD = "gnu++14";
				CLANG_CXX_LIBRARY = "libc++";
				CLANG_ENABLE_MODULES = YES;
				CLANG_ENABLE_OBJC_ARC = YES;
				CLANG_ENABLE_OBJC_WEAK = YES;
				CLANG_WARN_BLOCK_CAPTURE_AUTORELEASING = YES;
				CLANG_WARN_BOOL_CONVERSION = YES;
				CLANG_WARN_COMMA = YES;
				CLANG_WARN_CONSTANT_CONVERSION = YES;
				CLANG_WARN_DEPRECATED_OBJC_IMPLEMENTATIONS = YES;
				CLANG_WARN_DIRECT_OBJC_ISA_USAGE = YES_ERROR;
				CLANG_WARN_DOCUMENTATION_COMMENTS = YES;
				CLANG_WARN_EMPTY_BODY = YES;
				CLANG_WARN_ENUM_CONVERSION = YES;
				CLANG_WARN_INFINITE_RECURSION = YES;
				CLANG_WARN_INT_CONVERSION = YES;
				CLANG_WARN_NON_LITERAL_NULL_CONVERSION = YES;
				CLANG_WARN_OBJC_IMPLICIT_RETAIN_SELF = YES;
				CLANG_WARN_OBJC_LITERAL_CONVERSION = YES;
				CLANG_WARN_OBJC_ROOT_CLASS = YES_ERROR;
				CLANG_WARN_QUOTED_INCLUDE_IN_FRAMEWORK_HEADER = YES;
				CLANG_WARN_RANGE_LOOP_ANALYSIS = YES;
				CLANG_WARN_STRICT_PROTOTYPES = YES;
				CLANG_WARN_SUSPICIOUS_MOVE = YES;
				CLANG_WARN_UNGUARDED_AVAILABILITY = YES_AGGRESSIVE;
				CLANG_WARN_UNREACHABLE_CODE = YES;
				CLANG_WARN__DUPLICATE_METHOD_MATCH = YES;
				COPY_PHASE_STRIP = NO;
				DEBUG_INFORMATION_FORMAT = "dwarf-with-dsym";
				ENABLE_NS_ASSERTIONS = NO;
				ENABLE_STRICT_OBJC_MSGSEND = YES;
				GCC_C_LANGUAGE_STANDARD = gnu11;
				GCC_NO_COMMON_BLOCKS = YES;
				GCC_WARN_64_TO_32_BIT_CONVERSION = YES;
				GCC_WARN_ABOUT_RETURN_TYPE = YES_ERROR;
				GCC_WARN_UNDECLARED_SELECTOR = YES;
				GCC_WARN_UNINITIALIZED_AUTOS = YES_AGGRESSIVE;
				GCC_WARN_UNUSED_FUNCTION = YES;
				GCC_WARN_UNUSED_VARIABLE = YES;
				IPHONEOS_DEPLOYMENT_TARGET = 14.0;
				MTL_ENABLE_DEBUG_INFO = NO;
				MTL_FAST_MATH = YES;
				SDKROOT = iphoneos;
				SWIFT_COMPILATION_MODE = wholemodule;
				SWIFT_OPTIMIZATION_LEVEL = "-O";
				VALIDATE_PRODUCT = YES;
			};
			name = Release;
		};
		BDF60A1A2516FFF0005E2297 /* Debug */ = {
			isa = XCBuildConfiguration;
			buildSettings = {
				ASSETCATALOG_COMPILER_APPICON_NAME = AppIcon;
				ASSETCATALOG_COMPILER_GLOBAL_ACCENT_COLOR_NAME = AccentColor;
				CODE_SIGN_STYLE = Automatic;
				DEVELOPMENT_TEAM = 7S3T54XF2K;
				INFOPLIST_FILE = "Organizador Gastos/SupportFiles/Info.plist";
				IPHONEOS_DEPLOYMENT_TARGET = 14.0;
				LD_RUNPATH_SEARCH_PATHS = (
					"$(inherited)",
					"@executable_path/Frameworks",
				);
				PRODUCT_BUNDLE_IDENTIFIER = "com.alcesta.finance.Organizador-Gastos";
				PRODUCT_NAME = "$(TARGET_NAME)";
				SWIFT_VERSION = 5.0;
				TARGETED_DEVICE_FAMILY = "1,2";
			};
			name = Debug;
		};
		BDF60A1B2516FFF0005E2297 /* Release */ = {
			isa = XCBuildConfiguration;
			buildSettings = {
				ASSETCATALOG_COMPILER_APPICON_NAME = AppIcon;
				ASSETCATALOG_COMPILER_GLOBAL_ACCENT_COLOR_NAME = AccentColor;
				CODE_SIGN_STYLE = Automatic;
				DEVELOPMENT_TEAM = 7S3T54XF2K;
				INFOPLIST_FILE = "Organizador Gastos/SupportFiles/Info.plist";
				IPHONEOS_DEPLOYMENT_TARGET = 14.0;
				LD_RUNPATH_SEARCH_PATHS = (
					"$(inherited)",
					"@executable_path/Frameworks",
				);
				PRODUCT_BUNDLE_IDENTIFIER = "com.alcesta.finance.Organizador-Gastos";
				PRODUCT_NAME = "$(TARGET_NAME)";
				SWIFT_VERSION = 5.0;
				TARGETED_DEVICE_FAMILY = "1,2";
			};
			name = Release;
		};
		BDF60A1D2516FFF0005E2297 /* Debug */ = {
			isa = XCBuildConfiguration;
			buildSettings = {
				ALWAYS_EMBED_SWIFT_STANDARD_LIBRARIES = YES;
				BUNDLE_LOADER = "$(TEST_HOST)";
				CODE_SIGN_STYLE = Automatic;
				DEVELOPMENT_TEAM = 7S3T54XF2K;
				INFOPLIST_FILE = "Organizador GastosTests/Info.plist";
				IPHONEOS_DEPLOYMENT_TARGET = 14.0;
				LD_RUNPATH_SEARCH_PATHS = (
					"$(inherited)",
					"@executable_path/Frameworks",
					"@loader_path/Frameworks",
				);
				PRODUCT_BUNDLE_IDENTIFIER = "com.alcesta.finance.Organizador-GastosTests";
				PRODUCT_NAME = "$(TARGET_NAME)";
				SWIFT_VERSION = 5.0;
				TARGETED_DEVICE_FAMILY = "1,2";
				TEST_HOST = "$(BUILT_PRODUCTS_DIR)/Organizador Gastos.app/Organizador Gastos";
			};
			name = Debug;
		};
		BDF60A1E2516FFF0005E2297 /* Release */ = {
			isa = XCBuildConfiguration;
			buildSettings = {
				ALWAYS_EMBED_SWIFT_STANDARD_LIBRARIES = YES;
				BUNDLE_LOADER = "$(TEST_HOST)";
				CODE_SIGN_STYLE = Automatic;
				DEVELOPMENT_TEAM = 7S3T54XF2K;
				INFOPLIST_FILE = "Organizador GastosTests/Info.plist";
				IPHONEOS_DEPLOYMENT_TARGET = 14.0;
				LD_RUNPATH_SEARCH_PATHS = (
					"$(inherited)",
					"@executable_path/Frameworks",
					"@loader_path/Frameworks",
				);
				PRODUCT_BUNDLE_IDENTIFIER = "com.alcesta.finance.Organizador-GastosTests";
				PRODUCT_NAME = "$(TARGET_NAME)";
				SWIFT_VERSION = 5.0;
				TARGETED_DEVICE_FAMILY = "1,2";
				TEST_HOST = "$(BUILT_PRODUCTS_DIR)/Organizador Gastos.app/Organizador Gastos";
			};
			name = Release;
		};
		BDF60A202516FFF0005E2297 /* Debug */ = {
			isa = XCBuildConfiguration;
			buildSettings = {
				ALWAYS_EMBED_SWIFT_STANDARD_LIBRARIES = YES;
				CODE_SIGN_STYLE = Automatic;
				DEVELOPMENT_TEAM = 7S3T54XF2K;
				INFOPLIST_FILE = "Organizador GastosUITests/Info.plist";
				LD_RUNPATH_SEARCH_PATHS = (
					"$(inherited)",
					"@executable_path/Frameworks",
					"@loader_path/Frameworks",
				);
				PRODUCT_BUNDLE_IDENTIFIER = "com.alcesta.finance.Organizador-GastosUITests";
				PRODUCT_NAME = "$(TARGET_NAME)";
				SWIFT_VERSION = 5.0;
				TARGETED_DEVICE_FAMILY = "1,2";
				TEST_TARGET_NAME = "Organizador Gastos";
			};
			name = Debug;
		};
		BDF60A212516FFF0005E2297 /* Release */ = {
			isa = XCBuildConfiguration;
			buildSettings = {
				ALWAYS_EMBED_SWIFT_STANDARD_LIBRARIES = YES;
				CODE_SIGN_STYLE = Automatic;
				DEVELOPMENT_TEAM = 7S3T54XF2K;
				INFOPLIST_FILE = "Organizador GastosUITests/Info.plist";
				LD_RUNPATH_SEARCH_PATHS = (
					"$(inherited)",
					"@executable_path/Frameworks",
					"@loader_path/Frameworks",
				);
				PRODUCT_BUNDLE_IDENTIFIER = "com.alcesta.finance.Organizador-GastosUITests";
				PRODUCT_NAME = "$(TARGET_NAME)";
				SWIFT_VERSION = 5.0;
				TARGETED_DEVICE_FAMILY = "1,2";
				TEST_TARGET_NAME = "Organizador Gastos";
			};
			name = Release;
		};
/* End XCBuildConfiguration section */

/* Begin XCConfigurationList section */
		BDF609E72516FFEF005E2297 /* Build configuration list for PBXProject "Organizador Gastos" */ = {
			isa = XCConfigurationList;
			buildConfigurations = (
				BDF60A172516FFF0005E2297 /* Debug */,
				BDF60A182516FFF0005E2297 /* Release */,
			);
			defaultConfigurationIsVisible = 0;
			defaultConfigurationName = Release;
		};
		BDF60A192516FFF0005E2297 /* Build configuration list for PBXNativeTarget "Organizador Gastos" */ = {
			isa = XCConfigurationList;
			buildConfigurations = (
				BDF60A1A2516FFF0005E2297 /* Debug */,
				BDF60A1B2516FFF0005E2297 /* Release */,
			);
			defaultConfigurationIsVisible = 0;
			defaultConfigurationName = Release;
		};
		BDF60A1C2516FFF0005E2297 /* Build configuration list for PBXNativeTarget "Organizador GastosTests" */ = {
			isa = XCConfigurationList;
			buildConfigurations = (
				BDF60A1D2516FFF0005E2297 /* Debug */,
				BDF60A1E2516FFF0005E2297 /* Release */,
			);
			defaultConfigurationIsVisible = 0;
			defaultConfigurationName = Release;
		};
		BDF60A1F2516FFF0005E2297 /* Build configuration list for PBXNativeTarget "Organizador GastosUITests" */ = {
			isa = XCConfigurationList;
			buildConfigurations = (
				BDF60A202516FFF0005E2297 /* Debug */,
				BDF60A212516FFF0005E2297 /* Release */,
			);
			defaultConfigurationIsVisible = 0;
			defaultConfigurationName = Release;
		};
/* End XCConfigurationList section */

/* Begin XCVersionGroup section */
		BDF609F82516FFEF005E2297 /* Organizador_Gastos.xcdatamodeld */ = {
			isa = XCVersionGroup;
			children = (
				BDF609F92516FFEF005E2297 /* Organizador_Gastos.xcdatamodel */,
			);
			currentVersion = BDF609F92516FFEF005E2297 /* Organizador_Gastos.xcdatamodel */;
			path = Organizador_Gastos.xcdatamodeld;
			sourceTree = "<group>";
			versionGroupType = wrapper.xcdatamodel;
		};
/* End XCVersionGroup section */
	};
	rootObject = BDF609E42516FFEF005E2297 /* Project object */;
}
